
Microsoft Visual Studio Solution File, Format Version 12.00
# Visual Studio Version 17
VisualStudioVersion = 17.4.33213.308
MinimumVisualStudioVersion = 10.0.40219.1
Project("{9A19103F-16F7-4668-BE54-9A1E7A4F7556}") = "CRUD_Practice", "CRUD_Practice\CRUD_Practice.csproj", "{82C19E66-CB06-41F1-A379-D814E73BCDC4}"
EndProject
Global
	GlobalSection(SolutionConfigurationPlatforms) = preSolution
		Debug|Any CPU = Debug|Any CPU
		Release|Any CPU = Release|Any CPU
	EndGlobalSection
	GlobalSection(ProjectConfigurationPlatforms) = postSolution
		{82C19E66-CB06-41F1-A379-D814E73BCDC4}.Debug|Any CPU.ActiveCfg = Debug|Any CPU
		{82C19E66-CB06-41F1-A379-D814E73BCDC4}.Debug|Any CPU.Build.0 = Debug|Any CPU
		{82C19E66-CB06-41F1-A379-D814E73BCDC4}.Release|Any CPU.ActiveCfg = Release|Any CPU
		{82C19E66-CB06-41F1-A379-D814E73BCDC4}.Release|Any CPU.Build.0 = Release|Any CPU
	EndGlobalSection
	GlobalSection(SolutionProperties) = preSolution
		HideSolutionNode = FALSE
	EndGlobalSection
	GlobalSection(ExtensibilityGlobals) = postSolution
		SolutionGuid = {1EF2FE50-13CC-41B5-B150-FB683D47AFC1}
	EndGlobalSection
EndGlobal
